{
  "nodes": {
    "home-manager": {
      "inputs": {
        "nixpkgs": [
          "nix-config",
          "nixpkgs"
        ]
      },
      "locked": {
        "lastModified": 1786887553,
        "narHash": "sha256-0J8EwNSJ/2OeyuvXgfG+k5uBT1gkg0ww7VEo+14xl50=",
        "owner": "nix-community",
        "repo": "home-manager",
        "rev": "5bd505963717a894b02a57cdbcc00db28d9b029f",
        "type": "github"
      },
      "original": {
        "owner": "nix-community",
        "repo": "home-manager",
        "type": "github"
      }
    },
    "home-manager_2": {
      "inputs": {
        "nixpkgs": [
          "nix-config",
          "task-graph",
          "nix-config",
          "nixpkgs"
        ]
      },
      "locked": {
        "lastModified": 1786826571,
        "narHash": "sha256-nNqmXIFmESRnU91KARtiekSox0+o+E3AS0d1TuUQ/9o=",
        "owner": "nix-community",
        "repo": "home-manager",
        "rev": "c8058ecc1329a71a3c99c4d0353dba4009a66152",
        "type": "github"
      },
      "original": {
        "owner": "nix-community",
        "repo": "home-manager",
        "type": "github"
      }
    },
    "home-manager_3": {
      "inputs": {
        "nixpkgs": [
          "nix-config",
          "task-graph",
          "nix-config",
          "task-web",
          "nix-config",
          "nixpkgs"
        ]
      },
      "locked": {
        "lastModified": 1786719456,
        "narHash": "sha256-B74DLQs/VjlqyhnnX3tguWwghqJHWSJX30TKZuAljIg=",
        "owner": "nix-community",
        "repo": "home-manager",
        "rev": "83b7606dcf44abe3a94b86e8bb2b3355d22e8797",
        "type": "github"
      },
      "original": {
        "owner": "nix-community",
        "repo": "home-manager",
        "type": "github"
      }
    },
    "nix-config": {
      "inputs": {
        "home-manager": "home-manager",
        "nixpkgs": [
          "nixpkgs"
        ],
        "task-graph": "task-graph"
      },
      "locked": {
        "lastModified": 1786894106,
        "narHash": "sha256-HepCLm0sNylDgbbkjTEMQFw0qZhS7ZC4UJrpSCssP3Q=",
        "ref": "refs/heads/master",
        "rev": "12f9e9173ea2e22bf0ee0bdcb7ce648f7d109a25",
        "revCount": 60,
        "type": "git",
        "url": "ssh://git@github.com/bingo-h/nixos-config"
      },
      "original": {
        "type": "git",
        "url": "ssh://git@github.com/bingo-h/nixos-config"
      }
    },
    "nix-config_2": {
      "inputs": {
        "home-manager": "home-manager_2",
        "nixpkgs": [
          "nix-config",
          "task-graph",
          "nixpkgs"
        ],
        "noctalia": "noctalia",
        "task-web": "task-web"
      },
      "locked": {
        "lastModified": 1786878314,
        "narHash": "sha256-J7zOmfUigfWNtZXELFHreJn8zCIIYk92kGqnheOsGq0=",
        "ref": "refs/heads/master",
        "rev": "954fbe6e5b788637ae34d658d8fff0179ba4d120",
        "revCount": 57,
        "type": "git",
        "url": "ssh://git@github.com/bingo-h/nixos-config"
      },
      "original": {
        "type": "git",
        "url": "ssh://git@github.com/bingo-h/nixos-config"
      }
    },
    "nix-config_3": {
      "inputs": {
        "home-manager": "home-manager_3",
        "nixpkgs": [
          "nix-config",
          "task-graph",
          "nix-config",
          "task-web",
          "nixpkgs"
        ],
        "noctalia": "noctalia_2"
      },
      "locked": {
        "lastModified": 1786869647,
        "narHash": "sha256-iZP91IYrypPPvcL01kbcwJ8VlR96twZKE3wWKH0xpJA=",
        "ref": "refs/heads/master",
        "rev": "ae71e0a3b471d9917f3a5596ef151b3ef0fbfa8d",
        "revCount": 53,
        "type": "git",
        "url": "ssh://git@github.com/bingo-h/nixos-config"
      },
      "original": {
        "type": "git",
        "url": "ssh://git@github.com/bingo-h/nixos-config"
      }
    },
    "nixpkgs": {
      "locked": {
        "lastModified": 1786599213,
        "narHash": "sha256-yNJd40f11EzXBjSByCB7IPpeFFAdeoSKKM67dGkfFoU=",
        "owner": "NixOS",
        "repo": "nixpkgs",
        "rev": "0e251e24a4f24e036a084b6b4b2d2491af4167f4",
        "type": "github"
      },
      "original": {
        "owner": "NixOS",
        "ref": "nixos-unstable",
        "repo": "nixpkgs",
        "type": "github"
      }
    },
    "noctalia": {
      "inputs": {
        "nixpkgs": [
          "nix-config",
          "task-graph",
          "nix-config",
          "nixpkgs"
        ],
        "noctalia-qs": "noctalia-qs"
      },
      "locked": {
        "lastModified": 1783017890,
        "narHash": "sha256-bAzrtN0GDMH0dOZkgeI3zSxfFs2rdD3pMuzOxvTF0bs=",
        "owner": "noctalia-dev",
        "repo": "noctalia",
        "rev": "a48885b9fec485c903c955749a7da6e30147cd38",
        "type": "github"
      },
      "original": {
        "owner": "noctalia-dev",
        "ref": "legacy-v4",
        "repo": "noctalia",
        "type": "github"
      }
    },
    "noctalia-qs": {
      "inputs": {
        "nixpkgs": [
          "nix-config",
          "task-graph",
          "nix-config",
          "noctalia",
          "nixpkgs"
        ],
        "systems": "systems",
        "treefmt-nix": "treefmt-nix"
      },
      "locked": {
        "lastModified": 1780799499,
        "narHash": "sha256-YloRtLqJabzYUWvdLyh67zH4DZrR3kQj+dlQJwLPmPM=",
        "owner": "noctalia-dev",
        "repo": "noctalia-qs",
        "rev": "f308426239665e3bc3d624014e9295b2ae2f58ff",
        "type": "github"
      },
      "original": {
        "owner": "noctalia-dev",
        "repo": "noctalia-qs",
        "type": "github"
      }
    },
    "noctalia-qs_2": {
      "inputs": {
        "nixpkgs": [
          "nix-config",
          "task-graph",
          "nix-config",
          "task-web",
          "nix-config",
          "noctalia",
          "nixpkgs"
        ],
        "systems": "systems_2",
        "treefmt-nix": "treefmt-nix_2"
      },
      "locked": {
        "lastModified": 1780799499,
        "narHash": "sha256-YloRtLqJabzYUWvdLyh67zH4DZrR3kQj+dlQJwLPmPM=",
        "owner": "noctalia-dev",
        "repo": "noctalia-qs",
        "rev": "f308426239665e3bc3d624014e9295b2ae2f58ff",
        "type": "github"
      },
      "original": {
        "owner": "noctalia-dev",
        "repo": "noctalia-qs",
        "type": "github"
      }
    },
    "noctalia_2": {
      "inputs": {
        "nixpkgs": [
          "nix-config",
          "task-graph",
          "nix-config",
          "task-web",
          "nix-config",
          "nixpkgs"
        ],
        "noctalia-qs": "noctalia-qs_2"
      },
      "locked": {
        "lastModified": 1783017890,
        "narHash": "sha256-bAzrtN0GDMH0dOZkgeI3zSxfFs2rdD3pMuzOxvTF0bs=",
        "owner": "noctalia-dev",
        "repo": "noctalia",
        "rev": "a48885b9fec485c903c955749a7da6e30147cd38",
        "type": "github"
      },
      "original": {
        "owner": "noctalia-dev",
        "ref": "legacy-v4",
        "repo": "noctalia",
        "type": "github"
      }
    },
    "root": {
      "inputs": {
        "nix-config": "nix-config",
        "nixpkgs": "nixpkgs",
        "rust-overlay": "rust-overlay_3"
      }
    },
    "rust-overlay": {
      "inputs": {
        "nixpkgs": [
          "nix-config",
          "task-graph",
          "nix-config",
          "task-web",
          "nixpkgs"
        ]
      },
      "locked": {
        "lastModified": 1786849542,
        "narHash": "sha256-MS8cOa/ii1+QA8R3JWVzqEIoXimu9n50GwQDiBVTFOM=",
        "owner": "oxalica",
        "repo": "rust-overlay",
        "rev": "b211eadeba8b180da9453ec3413a8a3535c85b3f",
        "type": "github"
      },
      "original": {
        "owner": "oxalica",
        "repo": "rust-overlay",
        "type": "github"
      }
    },
    "rust-overlay_2": {
      "inputs": {
        "nixpkgs": [
          "nix-config",
          "task-graph",
          "nixpkgs"
        ]
      },
      "locked": {
        "lastModified": 1786849542,
        "narHash": "sha256-MS8cOa/ii1+QA8R3JWVzqEIoXimu9n50GwQDiBVTFOM=",
        "owner": "oxalica",
        "repo": "rust-overlay",
        "rev": "b211eadeba8b180da9453ec3413a8a3535c85b3f",
        "type": "github"
      },
      "original": {
        "owner": "oxalica",
        "repo": "rust-overlay",
        "type": "github"
      }
    },
    "rust-overlay_3": {
      "inputs": {
        "nixpkgs": [
          "nixpkgs"
        ]
      },
      "locked": {
        "lastModified": 1786849542,
        "narHash": "sha256-MS8cOa/ii1+QA8R3JWVzqEIoXimu9n50GwQDiBVTFOM=",
        "owner": "oxalica",
        "repo": "rust-overlay",
        "rev": "b211eadeba8b180da9453ec3413a8a3535c85b3f",
        "type": "github"
      },
      "original": {
        "owner": "oxalica",
        "repo": "rust-overlay",
        "type": "github"
      }
    },
    "systems": {
      "locked": {
        "lastModified": 1689347949,
        "narHash": "sha256-12tWmuL2zgBgZkdoB6qXZsgJEH9LR3oUgpaQq2RbI80=",
        "owner": "nix-systems",
        "repo": "default-linux",
        "rev": "31732fcf5e8fea42e59c2488ad31a0e651500f68",
        "type": "github"
      },
      "original": {
        "owner": "nix-systems",
        "repo": "default-linux",
        "type": "github"
      }
    },
    "systems_2": {
      "locked": {
        "lastModified": 1689347949,
        "narHash": "sha256-12tWmuL2zgBgZkdoB6qXZsgJEH9LR3oUgpaQq2RbI80=",
        "owner": "nix-systems",
        "repo": "default-linux",
        "rev": "31732fcf5e8fea42e59c2488ad31a0e651500f68",
        "type": "github"
      },
      "original": {
        "owner": "nix-systems",
        "repo": "default-linux",
        "type": "github"
      }
    },
    "task-graph": {
      "inputs": {
        "nix-config": "nix-config_2",
        "nixpkgs": [
          "nix-config",
          "nixpkgs"
        ],
        "rust-overlay": "rust-overlay_2"
      },
      "locked": {
        "lastModified": 1786892430,
        "narHash": "sha256-NV0vo6RDCKeCXuTPSfYkJr3ZTkpRrn5AK7uwRpksHTo=",
        "owner": "bingo-h",
        "repo": "task-graph",
        "rev": "234642d7f3bbdfd0301bc8e11376be9837d6bc06",
        "type": "github"
      },
      "original": {
        "owner": "bingo-h",
        "repo": "task-graph",
        "type": "github"
      }
    },
    "task-web": {
      "inputs": {
        "nix-config": "nix-config_3",
        "nixpkgs": [
          "nix-config",
          "task-graph",
          "nix-config",
          "nixpkgs"
        ],
        "rust-overlay": "rust-overlay"
      },
      "locked": {
        "lastModified": 1786877292,
        "narHash": "sha256-KwoKxu82xXHIcXfrAjFfiwELu+Pc9AVRDOBTsJI2D3Y=",
        "owner": "bingo-h",
        "repo": "task-web",
        "rev": "1cd07699ccb9cc9524786030e7d61a92740a19d6",
        "type": "github"
      },
      "original": {
        "owner": "bingo-h",
        "repo": "task-web",
        "type": "github"
      }
    },
    "treefmt-nix": {
      "inputs": {
        "nixpkgs": [
          "nix-config",
          "task-graph",
          "nix-config",
          "noctalia",
          "noctalia-qs",
          "nixpkgs"
        ]
      },
      "locked": {
        "lastModified": 1780220602,
        "narHash": "sha256-eynAfOmbmxJnkp7YewvCEbShNnnYJ9gLLqkzsYtBPeM=",
        "owner": "numtide",
        "repo": "treefmt-nix",
        "rev": "db947814a175b7ca6ded66e21383d938df01c227",
        "type": "github"
      },
      "original": {
        "owner": "numtide",
        "repo": "treefmt-nix",
        "type": "github"
      }
    },
    "treefmt-nix_2": {
      "inputs": {
        "nixpkgs": [
          "nix-config",
          "task-graph",
          "nix-config",
          "task-web",
          "nix-config",
          "noctalia",
          "noctalia-qs",
          "nixpkgs"
        ]
      },
      "locked": {
        "lastModified": 1780220602,
        "narHash": "sha256-eynAfOmbmxJnkp7YewvCEbShNnnYJ9gLLqkzsYtBPeM=",
        "owner": "numtide",
        "repo": "treefmt-nix",
        "rev": "db947814a175b7ca6ded66e21383d938df01c227",
        "type": "github"
      },
      "original": {
        "owner": "numtide",
        "repo": "treefmt-nix",
        "type": "github"
      }
    }
  },
  "root": "root",
  "version": 7
}
